<?xml version="1.0" encoding="utf-8"?>
<Project ToolsVersion="4.0" xmlns="http://schemas.microsoft.com/developer/msbuild/2003">
  <ItemGroup>
    <ClCompile Include="main.cpp" />
    <ClCompile Include="Server.cpp" />
    <ClCompile Include="common.cpp" />
    <ClCompile Include="Commands.cpp" />
    <ClCompile Include="MyCommands.cpp" />
    <ClCompile Include="ConnectedSensor.cpp" />
    <ClCompile Include="ConnectedClient.cpp" />
  </ItemGroup>
  <ItemGroup>
    <ClInclude Include="Server.h" />
    <ClInclude Include="common.h" />
    <ClInclude Include="Commands.h" />
    <ClInclude Include="MyCommands.h" />
    <ClInclude Include="ConnectedSensor.h" />
    <ClInclude Include="ConnectedClient.h" />
  </ItemGroup>
</Project>